{
    "_meta": {
        "hash": {
            "sha256": "a9b6202deda2dce533fe0a576025aa94e8cd1bd67c86e5844300d32bf86a938f"
        },
        "pipfile-spec": 6,
        "requires": {
            "python_version": "3"
        },
        "sources": [
            {
                "name": "pypi",
                "url": "https://pypi.python.org/simple",
                "verify_ssl": true
            }
        ]
    },
    "default": {
        "argparse": {
            "hashes": [
                "sha256:62b089a55be1d8949cd2bc7e0df0bddb9e028faefc8c32038cc84862aefdd6e4",
                "sha256:c31647edb69fd3d465a847ea3157d37bed1f95f19760b11a47aa91c04b666314"
            ],
            "index": "pypi",
            "version": "==1.4.0"
        },
        "graphviz": {
            "hashes": [
                "sha256:60704af002770700b099e5d684b7f2bd59c06bbaec8f575def7fba7a31a1a27a",
                "sha256:b42554a1c47f24a9473b7f4e380d17b228586a067c97ea69d5354d6074be8dfd"
            ],
            "index": "pypi",
            "version": "==0.19"
        },
        "urllib3": {
            "hashes": [
                "sha256:4987c65554f7a2dbf30c18fd48778ef124af6fab771a377103da0585e2336ece",
                "sha256:c4fdf4019605b6e5423637e01bc9fe4daef873709a7973e195ceba0a62bbc844"
            ],
            "index": "pypi",
            "version": "==1.26.7"
        }
    },
    "develop": {}
}
